
Microsoft Visual Studio Solution File, Format Version 12.00
# Visual Studio Version 16
VisualStudioVersion = 16.0.29411.108
MinimumVisualStudioVersion = 15.0.26124.0
Project("{9A19103F-16F7-4668-BE54-9A1E7A4F7556}") = "pf2-core", "pf2-core\pf2-core.csproj", "{68B1678B-730E-4A56-9725-863968EC95F7}"
EndProject
Project("{9A19103F-16F7-4668-BE54-9A1E7A4F7556}") = "pf2-core-tests", "pf2-core-tests\pf2-core-tests.csproj", "{BBC062ED-F2CB-4539-814D-8C419510D2C8}"
EndProject
Project("{2150E333-8FDC-42A3-9474-1A3956D46DE8}") = "Solution Items", "Solution Items", "{12DEE8BC-402F-4153-8E5F-6420EA515648}"
	ProjectSection(SolutionItems) = preProject
		README.md = README.md
	EndProjectSection
EndProject
Global
	GlobalSection(SolutionConfigurationPlatforms) = preSolution
		Debug|Any CPU = Debug|Any CPU
		Debug|x64 = Debug|x64
		Debug|x86 = Debug|x86
		Release|Any CPU = Release|Any CPU
		Release|x64 = Release|x64
		Release|x86 = Release|x86
	EndGlobalSection
	GlobalSection(ProjectConfigurationPlatforms) = postSolution
		{68B1678B-730E-4A56-9725-863968EC95F7}.Debug|Any CPU.ActiveCfg = Debug|Any CPU
		{68B1678B-730E-4A56-9725-863968EC95F7}.Debug|Any CPU.Build.0 = Debug|Any CPU
		{68B1678B-730E-4A56-9725-863968EC95F7}.Debug|x64.ActiveCfg = Debug|Any CPU
		{68B1678B-730E-4A56-9725-863968EC95F7}.Debug|x64.Build.0 = Debug|Any CPU
		{68B1678B-730E-4A56-9725-863968EC95F7}.Debug|x86.ActiveCfg = Debug|Any CPU
		{68B1678B-730E-4A56-9725-863968EC95F7}.Debug|x86.Build.0 = Debug|Any CPU
		{68B1678B-730E-4A56-9725-863968EC95F7}.Release|Any CPU.ActiveCfg = Release|Any CPU
		{68B1678B-730E-4A56-9725-863968EC95F7}.Release|Any CPU.Build.0 = Release|Any CPU
		{68B1678B-730E-4A56-9725-863968EC95F7}.Release|x64.ActiveCfg = Release|Any CPU
		{68B1678B-730E-4A56-9725-863968EC95F7}.Release|x64.Build.0 = Release|Any CPU
		{68B1678B-730E-4A56-9725-863968EC95F7}.Release|x86.ActiveCfg = Release|Any CPU
		{68B1678B-730E-4A56-9725-863968EC95F7}.Release|x86.Build.0 = Release|Any CPU
		{BBC062ED-F2CB-4539-814D-8C419510D2C8}.Debug|Any CPU.ActiveCfg = Debug|Any CPU
		{BBC062ED-F2CB-4539-814D-8C419510D2C8}.Debug|Any CPU.Build.0 = Debug|Any CPU
		{BBC062ED-F2CB-4539-814D-8C419510D2C8}.Debug|x64.ActiveCfg = Debug|Any CPU
		{BBC062ED-F2CB-4539-814D-8C419510D2C8}.Debug|x64.Build.0 = Debug|Any CPU
		{BBC062ED-F2CB-4539-814D-8C419510D2C8}.Debug|x86.ActiveCfg = Debug|Any CPU
		{BBC062ED-F2CB-4539-814D-8C419510D2C8}.Debug|x86.Build.0 = Debug|Any CPU
		{BBC062ED-F2CB-4539-814D-8C419510D2C8}.Release|Any CPU.ActiveCfg = Release|Any CPU
		{BBC062ED-F2CB-4539-814D-8C419510D2C8}.Release|Any CPU.Build.0 = Release|Any CPU
		{BBC062ED-F2CB-4539-814D-8C419510D2C8}.Release|x64.ActiveCfg = Release|Any CPU
		{BBC062ED-F2CB-4539-814D-8C419510D2C8}.Release|x64.Build.0 = Release|Any CPU
		{BBC062ED-F2CB-4539-814D-8C419510D2C8}.Release|x86.ActiveCfg = Release|Any CPU
		{BBC062ED-F2CB-4539-814D-8C419510D2C8}.Release|x86.Build.0 = Release|Any CPU
	EndGlobalSection
	GlobalSection(SolutionProperties) = preSolution
		HideSolutionNode = FALSE
	EndGlobalSection
	GlobalSection(ExtensibilityGlobals) = postSolution
		SolutionGuid = {C9EF8307-A763-4D74-8EC8-24E4D3490226}
	EndGlobalSection
EndGlobal
